
Microsoft Visual Studio Solution File, Format Version 12.00
# Visual Studio Version 16
VisualStudioVersion = 16.0.29326.143
MinimumVisualStudioVersion = 10.0.40219.1
Project("{FAE04EC0-301F-11D3-BF4B-00C04F79EFBC}") = "TrabajoGrupal", "TrabajoGrupal\TrabajoGrupal.csproj", "{DBC3F424-7E4A-4486-B5FE-5F5E6C2FA7FF}"
EndProject
Global
	GlobalSection(SolutionConfigurationPlatforms) = preSolution
		Debug|Any CPU = Debug|Any CPU
		Release|Any CPU = Release|Any CPU
	EndGlobalSection
	GlobalSection(ProjectConfigurationPlatforms) = postSolution
		{DBC3F424-7E4A-4486-B5FE-5F5E6C2FA7FF}.Debug|Any CPU.ActiveCfg = Debug|Any CPU
		{DBC3F424-7E4A-4486-B5FE-5F5E6C2FA7FF}.Debug|Any CPU.Build.0 = Debug|Any CPU
		{DBC3F424-7E4A-4486-B5FE-5F5E6C2FA7FF}.Release|Any CPU.ActiveCfg = Release|Any CPU
		{DBC3F424-7E4A-4486-B5FE-5F5E6C2FA7FF}.Release|Any CPU.Build.0 = Release|Any CPU
	EndGlobalSection
	GlobalSection(SolutionProperties) = preSolution
		HideSolutionNode = FALSE
	EndGlobalSection
	GlobalSection(ExtensibilityGlobals) = postSolution
		SolutionGuid = {8445350B-240E-4179-B431-844A05F14737}
	EndGlobalSection
	GlobalSection(TeamFoundationVersionControl) = preSolution
		SccNumberOfProjects = 2
		SccEnterpriseProvider = {4CA58AB2-18FA-4F8D-95D4-32DDF27D184C}
		SccTeamFoundationServer = https://dev.azure.com/TrabajosG
		SccLocalPath0 = .
		SccProjectUniqueName1 = TrabajoGrupal\\TrabajoGrupal.csproj
		SccProjectName1 = TrabajoGrupal
		SccLocalPath1 = TrabajoGrupal
	EndGlobalSection
EndGlobal
